
Microsoft Visual Studio Solution File, Format Version 12.00
# Visual Studio Version 16
VisualStudioVersion = 16.0.31702.278
MinimumVisualStudioVersion = 10.0.40219.1
Project("{FAE04EC0-301F-11D3-BF4B-00C04F79EFBC}") = "ASP.NET-lab3", "ASP.NET-lab3.csproj", "{8618F826-C745-4F70-A004-967C41C3C452}"
EndProject
Global
	GlobalSection(SolutionConfigurationPlatforms) = preSolution
		Debug|Any CPU = Debug|Any CPU
		Release|Any CPU = Release|Any CPU
	EndGlobalSection
	GlobalSection(ProjectConfigurationPlatforms) = postSolution
		{8618F826-C745-4F70-A004-967C41C3C452}.Debug|Any CPU.ActiveCfg = Debug|Any CPU
		{8618F826-C745-4F70-A004-967C41C3C452}.Debug|Any CPU.Build.0 = Debug|Any CPU
		{8618F826-C745-4F70-A004-967C41C3C452}.Release|Any CPU.ActiveCfg = Release|Any CPU
		{8618F826-C745-4F70-A004-967C41C3C452}.Release|Any CPU.Build.0 = Release|Any CPU
	EndGlobalSection
	GlobalSection(SolutionProperties) = preSolution
		HideSolutionNode = FALSE
	EndGlobalSection
	GlobalSection(ExtensibilityGlobals) = postSolution
		SolutionGuid = {16D7A082-D64C-45CC-A127-BD8E2090C58C}
	EndGlobalSection
EndGlobal
